
Microsoft Visual Studio Solution File, Format Version 12.00
# Visual Studio 2013
VisualStudioVersion = 12.0.31101.0
MinimumVisualStudioVersion = 10.0.40219.1
Project("{262852C6-CD72-467D-83FE-5EEB1973A190}") = "ng.Insider.app", "ng.Insider.app\ng.Insider.app.jsproj", "{ECD8E50C-BAB0-425F-942D-4578C92FE348}"
	ProjectSection(ProjectDependencies) = postProject
		{B9FFC801-238C-4431-92D5-FB351BF51A2A} = {B9FFC801-238C-4431-92D5-FB351BF51A2A}
	EndProjectSection
EndProject
Project("{FAE04EC0-301F-11D3-BF4B-00C04F79EFBC}") = "ng.Insider.WebApi", "ng.Insider.WebApi\ng.Insider.WebApi.csproj", "{B9FFC801-238C-4431-92D5-FB351BF51A2A}"
EndProject
Global
	GlobalSection(SolutionConfigurationPlatforms) = preSolution
		Debug|Android = Debug|Android
		Debug|Any CPU = Debug|Any CPU
		Debug|iOS = Debug|iOS
		Debug|Mixed Platforms = Debug|Mixed Platforms
		Debug|Windows Phone (Universal) = Debug|Windows Phone (Universal)
		Debug|Windows Phone 8 = Debug|Windows Phone 8
		Debug|Windows-AnyCPU = Debug|Windows-AnyCPU
		Debug|Windows-ARM = Debug|Windows-ARM
		Debug|Windows-x64 = Debug|Windows-x64
		Debug|Windows-x86 = Debug|Windows-x86
		Distribution|Android = Distribution|Android
		Distribution|Any CPU = Distribution|Any CPU
		Distribution|iOS = Distribution|iOS
		Distribution|Mixed Platforms = Distribution|Mixed Platforms
		Distribution|Windows Phone (Universal) = Distribution|Windows Phone (Universal)
		Distribution|Windows Phone 8 = Distribution|Windows Phone 8
		Distribution|Windows-AnyCPU = Distribution|Windows-AnyCPU
		Distribution|Windows-ARM = Distribution|Windows-ARM
		Distribution|Windows-x64 = Distribution|Windows-x64
		Distribution|Windows-x86 = Distribution|Windows-x86
		Release|Android = Release|Android
		Release|Any CPU = Release|Any CPU
		Release|iOS = Release|iOS
		Release|Mixed Platforms = Release|Mixed Platforms
		Release|Windows Phone (Universal) = Release|Windows Phone (Universal)
		Release|Windows Phone 8 = Release|Windows Phone 8
		Release|Windows-AnyCPU = Release|Windows-AnyCPU
		Release|Windows-ARM = Release|Windows-ARM
		Release|Windows-x64 = Release|Windows-x64
		Release|Windows-x86 = Release|Windows-x86
	EndGlobalSection
	GlobalSection(ProjectConfigurationPlatforms) = postSolution
		{ECD8E50C-BAB0-425F-942D-4578C92FE348}.Debug|Android.ActiveCfg = Debug|Android
		{ECD8E50C-BAB0-425F-942D-4578C92FE348}.Debug|Android.Build.0 = Debug|Android
		{ECD8E50C-BAB0-425F-942D-4578C92FE348}.Debug|Android.Deploy.0 = Debug|Android
		{ECD8E50C-BAB0-425F-942D-4578C92FE348}.Debug|Any CPU.ActiveCfg = Debug|Android
		{ECD8E50C-BAB0-425F-942D-4578C92FE348}.Debug|iOS.ActiveCfg = Debug|iOS
		{ECD8E50C-BAB0-425F-942D-4578C92FE348}.Debug|iOS.Build.0 = Debug|iOS
		{ECD8E50C-BAB0-425F-942D-4578C92FE348}.Debug|iOS.Deploy.0 = Debug|iOS
		{ECD8E50C-BAB0-425F-942D-4578C92FE348}.Debug|Mixed Platforms.ActiveCfg = Debug|Windows-x86
		{ECD8E50C-BAB0-425F-942D-4578C92FE348}.Debug|Mixed Platforms.Build.0 = Debug|Windows-x86
		{ECD8E50C-BAB0-425F-942D-4578C92FE348}.Debug|Mixed Platforms.Deploy.0 = Debug|Windows-x86
		{ECD8E50C-BAB0-425F-942D-4578C92FE348}.Debug|Windows Phone (Universal).ActiveCfg = Debug|Windows Phone (Universal)
		{ECD8E50C-BAB0-425F-942D-4578C92FE348}.Debug|Windows Phone (Universal).Build.0 = Debug|Windows Phone (Universal)
		{ECD8E50C-BAB0-425F-942D-4578C92FE348}.Debug|Windows Phone (Universal).Deploy.0 = Debug|Windows Phone (Universal)
		{ECD8E50C-BAB0-425F-942D-4578C92FE348}.Debug|Windows Phone 8.ActiveCfg = Debug|Windows Phone 8
		{ECD8E50C-BAB0-425F-942D-4578C92FE348}.Debug|Windows Phone 8.Build.0 = Debug|Windows Phone 8
		{ECD8E50C-BAB0-425F-942D-4578C92FE348}.Debug|Windows Phone 8.Deploy.0 = Debug|Windows Phone 8
		{ECD8E50C-BAB0-425F-942D-4578C92FE348}.Debug|Windows-AnyCPU.ActiveCfg = Debug|Windows-AnyCPU
		{ECD8E50C-BAB0-425F-942D-4578C92FE348}.Debug|Windows-AnyCPU.Build.0 = Debug|Windows-AnyCPU
		{ECD8E50C-BAB0-425F-942D-4578C92FE348}.Debug|Windows-AnyCPU.Deploy.0 = Debug|Windows-AnyCPU
		{ECD8E50C-BAB0-425F-942D-4578C92FE348}.Debug|Windows-ARM.ActiveCfg = Debug|Windows-ARM
		{ECD8E50C-BAB0-425F-942D-4578C92FE348}.Debug|Windows-ARM.Build.0 = Debug|Windows-ARM
		{ECD8E50C-BAB0-425F-942D-4578C92FE348}.Debug|Windows-ARM.Deploy.0 = Debug|Windows-ARM
		{ECD8E50C-BAB0-425F-942D-4578C92FE348}.Debug|Windows-x64.ActiveCfg = Debug|Windows-x64
		{ECD8E50C-BAB0-425F-942D-4578C92FE348}.Debug|Windows-x64.Build.0 = Debug|Windows-x64
		{ECD8E50C-BAB0-425F-942D-4578C92FE348}.Debug|Windows-x64.Deploy.0 = Debug|Windows-x64
		{ECD8E50C-BAB0-425F-942D-4578C92FE348}.Debug|Windows-x86.ActiveCfg = Debug|Windows-x86
		{ECD8E50C-BAB0-425F-942D-4578C92FE348}.Debug|Windows-x86.Build.0 = Debug|Windows-x86
		{ECD8E50C-BAB0-425F-942D-4578C92FE348}.Debug|Windows-x86.Deploy.0 = Debug|Windows-x86
		{ECD8E50C-BAB0-425F-942D-4578C92FE348}.Distribution|Android.ActiveCfg = Distribution|Android
		{ECD8E50C-BAB0-425F-942D-4578C92FE348}.Distribution|Android.Build.0 = Distribution|Android
		{ECD8E50C-BAB0-425F-942D-4578C92FE348}.Distribution|Android.Deploy.0 = Distribution|Android
		{ECD8E50C-BAB0-425F-942D-4578C92FE348}.Distribution|Any CPU.ActiveCfg = Distribution|Android
		{ECD8E50C-BAB0-425F-942D-4578C92FE348}.Distribution|iOS.ActiveCfg = Distribution|iOS
		{ECD8E50C-BAB0-425F-942D-4578C92FE348}.Distribution|iOS.Build.0 = Distribution|iOS
		{ECD8E50C-BAB0-425F-942D-4578C92FE348}.Distribution|iOS.Deploy.0 = Distribution|iOS
		{ECD8E50C-BAB0-425F-942D-4578C92FE348}.Distribution|Mixed Platforms.ActiveCfg = Distribution|Windows-x86
		{ECD8E50C-BAB0-425F-942D-4578C92FE348}.Distribution|Mixed Platforms.Build.0 = Distribution|Windows-x86
		{ECD8E50C-BAB0-425F-942D-4578C92FE348}.Distribution|Mixed Platforms.Deploy.0 = Distribution|Windows-x86
		{ECD8E50C-BAB0-425F-942D-4578C92FE348}.Distribution|Windows Phone (Universal).ActiveCfg = Distribution|Windows Phone (Universal)
		{ECD8E50C-BAB0-425F-942D-4578C92FE348}.Distribution|Windows Phone (Universal).Build.0 = Distribution|Windows Phone (Universal)
		{ECD8E50C-BAB0-425F-942D-4578C92FE348}.Distribution|Windows Phone (Universal).Deploy.0 = Distribution|Windows Phone (Universal)
		{ECD8E50C-BAB0-425F-942D-4578C92FE348}.Distribution|Windows Phone 8.ActiveCfg = Distribution|Windows Phone 8
		{ECD8E50C-BAB0-425F-942D-4578C92FE348}.Distribution|Windows Phone 8.Build.0 = Distribution|Windows Phone 8
		{ECD8E50C-BAB0-425F-942D-4578C92FE348}.Distribution|Windows Phone 8.Deploy.0 = Distribution|Windows Phone 8
		{ECD8E50C-BAB0-425F-942D-4578C92FE348}.Distribution|Windows-AnyCPU.ActiveCfg = Distribution|Windows-AnyCPU
		{ECD8E50C-BAB0-425F-942D-4578C92FE348}.Distribution|Windows-AnyCPU.Build.0 = Distribution|Windows-AnyCPU
		{ECD8E50C-BAB0-425F-942D-4578C92FE348}.Distribution|Windows-AnyCPU.Deploy.0 = Distribution|Windows-AnyCPU
		{ECD8E50C-BAB0-425F-942D-4578C92FE348}.Distribution|Windows-ARM.ActiveCfg = Distribution|Windows-ARM
		{ECD8E50C-BAB0-425F-942D-4578C92FE348}.Distribution|Windows-ARM.Build.0 = Distribution|Windows-ARM
		{ECD8E50C-BAB0-425F-942D-4578C92FE348}.Distribution|Windows-ARM.Deploy.0 = Distribution|Windows-ARM
		{ECD8E50C-BAB0-425F-942D-4578C92FE348}.Distribution|Windows-x64.ActiveCfg = Distribution|Windows-x64
		{ECD8E50C-BAB0-425F-942D-4578C92FE348}.Distribution|Windows-x64.Build.0 = Distribution|Windows-x64
		{ECD8E50C-BAB0-425F-942D-4578C92FE348}.Distribution|Windows-x64.Deploy.0 = Distribution|Windows-x64
		{ECD8E50C-BAB0-425F-942D-4578C92FE348}.Distribution|Windows-x86.ActiveCfg = Distribution|Windows-x86
		{ECD8E50C-BAB0-425F-942D-4578C92FE348}.Distribution|Windows-x86.Build.0 = Distribution|Windows-x86
		{ECD8E50C-BAB0-425F-942D-4578C92FE348}.Distribution|Windows-x86.Deploy.0 = Distribution|Windows-x86
		{ECD8E50C-BAB0-425F-942D-4578C92FE348}.Release|Android.ActiveCfg = Release|Android
		{ECD8E50C-BAB0-425F-942D-4578C92FE348}.Release|Android.Build.0 = Release|Android
		{ECD8E50C-BAB0-425F-942D-4578C92FE348}.Release|Android.Deploy.0 = Release|Android
		{ECD8E50C-BAB0-425F-942D-4578C92FE348}.Release|Any CPU.ActiveCfg = Release|Android
		{ECD8E50C-BAB0-425F-942D-4578C92FE348}.Release|iOS.ActiveCfg = Release|iOS
		{ECD8E50C-BAB0-425F-942D-4578C92FE348}.Release|iOS.Build.0 = Release|iOS
		{ECD8E50C-BAB0-425F-942D-4578C92FE348}.Release|iOS.Deploy.0 = Release|iOS
		{ECD8E50C-BAB0-425F-942D-4578C92FE348}.Release|Mixed Platforms.ActiveCfg = Release|Windows-x86
		{ECD8E50C-BAB0-425F-942D-4578C92FE348}.Release|Mixed Platforms.Build.0 = Release|Windows-x86
		{ECD8E50C-BAB0-425F-942D-4578C92FE348}.Release|Mixed Platforms.Deploy.0 = Release|Windows-x86
		{ECD8E50C-BAB0-425F-942D-4578C92FE348}.Release|Windows Phone (Universal).ActiveCfg = Release|Windows Phone (Universal)
		{ECD8E50C-BAB0-425F-942D-4578C92FE348}.Release|Windows Phone (Universal).Build.0 = Release|Windows Phone (Universal)
		{ECD8E50C-BAB0-425F-942D-4578C92FE348}.Release|Windows Phone (Universal).Deploy.0 = Release|Windows Phone (Universal)
		{ECD8E50C-BAB0-425F-942D-4578C92FE348}.Release|Windows Phone 8.ActiveCfg = Release|Windows Phone 8
		{ECD8E50C-BAB0-425F-942D-4578C92FE348}.Release|Windows Phone 8.Build.0 = Release|Windows Phone 8
		{ECD8E50C-BAB0-425F-942D-4578C92FE348}.Release|Windows Phone 8.Deploy.0 = Release|Windows Phone 8
		{ECD8E50C-BAB0-425F-942D-4578C92FE348}.Release|Windows-AnyCPU.ActiveCfg = Release|Windows-AnyCPU
		{ECD8E50C-BAB0-425F-942D-4578C92FE348}.Release|Windows-AnyCPU.Build.0 = Release|Windows-AnyCPU
		{ECD8E50C-BAB0-425F-942D-4578C92FE348}.Release|Windows-AnyCPU.Deploy.0 = Release|Windows-AnyCPU
		{ECD8E50C-BAB0-425F-942D-4578C92FE348}.Release|Windows-ARM.ActiveCfg = Release|Windows-ARM
		{ECD8E50C-BAB0-425F-942D-4578C92FE348}.Release|Windows-ARM.Build.0 = Release|Windows-ARM
		{ECD8E50C-BAB0-425F-942D-4578C92FE348}.Release|Windows-ARM.Deploy.0 = Release|Windows-ARM
		{ECD8E50C-BAB0-425F-942D-4578C92FE348}.Release|Windows-x64.ActiveCfg = Release|Windows-x64
		{ECD8E50C-BAB0-425F-942D-4578C92FE348}.Release|Windows-x64.Build.0 = Release|Windows-x64
		{ECD8E50C-BAB0-425F-942D-4578C92FE348}.Release|Windows-x64.Deploy.0 = Release|Windows-x64
		{ECD8E50C-BAB0-425F-942D-4578C92FE348}.Release|Windows-x86.ActiveCfg = Release|Windows-x86
		{ECD8E50C-BAB0-425F-942D-4578C92FE348}.Release|Windows-x86.Build.0 = Release|Windows-x86
		{ECD8E50C-BAB0-425F-942D-4578C92FE348}.Release|Windows-x86.Deploy.0 = Release|Windows-x86
		{B9FFC801-238C-4431-92D5-FB351BF51A2A}.Debug|Android.ActiveCfg = Debug|Any CPU
		{B9FFC801-238C-4431-92D5-FB351BF51A2A}.Debug|Any CPU.ActiveCfg = Debug|Any CPU
		{B9FFC801-238C-4431-92D5-FB351BF51A2A}.Debug|Any CPU.Build.0 = Debug|Any CPU
		{B9FFC801-238C-4431-92D5-FB351BF51A2A}.Debug|iOS.ActiveCfg = Debug|Any CPU
		{B9FFC801-238C-4431-92D5-FB351BF51A2A}.Debug|Mixed Platforms.ActiveCfg = Debug|Any CPU
		{B9FFC801-238C-4431-92D5-FB351BF51A2A}.Debug|Mixed Platforms.Build.0 = Debug|Any CPU
		{B9FFC801-238C-4431-92D5-FB351BF51A2A}.Debug|Windows Phone (Universal).ActiveCfg = Debug|Any CPU
		{B9FFC801-238C-4431-92D5-FB351BF51A2A}.Debug|Windows Phone (Universal).Build.0 = Debug|Any CPU
		{B9FFC801-238C-4431-92D5-FB351BF51A2A}.Debug|Windows Phone 8.ActiveCfg = Debug|Any CPU
		{B9FFC801-238C-4431-92D5-FB351BF51A2A}.Debug|Windows-AnyCPU.ActiveCfg = Debug|Any CPU
		{B9FFC801-238C-4431-92D5-FB351BF51A2A}.Debug|Windows-ARM.ActiveCfg = Debug|Any CPU
		{B9FFC801-238C-4431-92D5-FB351BF51A2A}.Debug|Windows-x64.ActiveCfg = Debug|Any CPU
		{B9FFC801-238C-4431-92D5-FB351BF51A2A}.Debug|Windows-x86.ActiveCfg = Debug|Any CPU
		{B9FFC801-238C-4431-92D5-FB351BF51A2A}.Distribution|Android.ActiveCfg = Debug|Any CPU
		{B9FFC801-238C-4431-92D5-FB351BF51A2A}.Distribution|Any CPU.ActiveCfg = Debug|Any CPU
		{B9FFC801-238C-4431-92D5-FB351BF51A2A}.Distribution|Any CPU.Build.0 = Debug|Any CPU
		{B9FFC801-238C-4431-92D5-FB351BF51A2A}.Distribution|iOS.ActiveCfg = Debug|Any CPU
		{B9FFC801-238C-4431-92D5-FB351BF51A2A}.Distribution|Mixed Platforms.ActiveCfg = Debug|Any CPU
		{B9FFC801-238C-4431-92D5-FB351BF51A2A}.Distribution|Mixed Platforms.Build.0 = Debug|Any CPU
		{B9FFC801-238C-4431-92D5-FB351BF51A2A}.Distribution|Windows Phone (Universal).ActiveCfg = Debug|Any CPU
		{B9FFC801-238C-4431-92D5-FB351BF51A2A}.Distribution|Windows Phone 8.ActiveCfg = Debug|Any CPU
		{B9FFC801-238C-4431-92D5-FB351BF51A2A}.Distribution|Windows-AnyCPU.ActiveCfg = Debug|Any CPU
		{B9FFC801-238C-4431-92D5-FB351BF51A2A}.Distribution|Windows-ARM.ActiveCfg = Debug|Any CPU
		{B9FFC801-238C-4431-92D5-FB351BF51A2A}.Distribution|Windows-x64.ActiveCfg = Debug|Any CPU
		{B9FFC801-238C-4431-92D5-FB351BF51A2A}.Distribution|Windows-x86.ActiveCfg = Debug|Any CPU
		{B9FFC801-238C-4431-92D5-FB351BF51A2A}.Release|Android.ActiveCfg = Release|Any CPU
		{B9FFC801-238C-4431-92D5-FB351BF51A2A}.Release|Any CPU.ActiveCfg = Release|Any CPU
		{B9FFC801-238C-4431-92D5-FB351BF51A2A}.Release|Any CPU.Build.0 = Release|Any CPU
		{B9FFC801-238C-4431-92D5-FB351BF51A2A}.Release|iOS.ActiveCfg = Release|Any CPU
		{B9FFC801-238C-4431-92D5-FB351BF51A2A}.Release|Mixed Platforms.ActiveCfg = Release|Any CPU
		{B9FFC801-238C-4431-92D5-FB351BF51A2A}.Release|Mixed Platforms.Build.0 = Release|Any CPU
		{B9FFC801-238C-4431-92D5-FB351BF51A2A}.Release|Windows Phone (Universal).ActiveCfg = Release|Any CPU
		{B9FFC801-238C-4431-92D5-FB351BF51A2A}.Release|Windows Phone 8.ActiveCfg = Release|Any CPU
		{B9FFC801-238C-4431-92D5-FB351BF51A2A}.Release|Windows-AnyCPU.ActiveCfg = Release|Any CPU
		{B9FFC801-238C-4431-92D5-FB351BF51A2A}.Release|Windows-ARM.ActiveCfg = Release|Any CPU
		{B9FFC801-238C-4431-92D5-FB351BF51A2A}.Release|Windows-x64.ActiveCfg = Release|Any CPU
		{B9FFC801-238C-4431-92D5-FB351BF51A2A}.Release|Windows-x86.ActiveCfg = Release|Any CPU
	EndGlobalSection
	GlobalSection(SolutionProperties) = preSolution
		HideSolutionNode = FALSE
	EndGlobalSection
EndGlobal
